
Microsoft Visual Studio Solution File, Format Version 12.00
# Visual Studio Version 17
VisualStudioVersion = 17.7.34221.43
MinimumVisualStudioVersion = 10.0.40219.1
Project("{FAE04EC0-301F-11D3-BF4B-00C04F79EFBC}") = "TiraLab", "TiraLab\TiraLab.csproj", "{903629BC-FD2C-48D9-A3C8-2AF6D926426B}"
EndProject
Global
	GlobalSection(SolutionConfigurationPlatforms) = preSolution
		Debug|Any CPU = Debug|Any CPU
		Release|Any CPU = Release|Any CPU
	EndGlobalSection
	GlobalSection(ProjectConfigurationPlatforms) = postSolution
		{903629BC-FD2C-48D9-A3C8-2AF6D926426B}.Debug|Any CPU.ActiveCfg = Debug|Any CPU
		{903629BC-FD2C-48D9-A3C8-2AF6D926426B}.Debug|Any CPU.Build.0 = Debug|Any CPU
		{903629BC-FD2C-48D9-A3C8-2AF6D926426B}.Release|Any CPU.ActiveCfg = Release|Any CPU
		{903629BC-FD2C-48D9-A3C8-2AF6D926426B}.Release|Any CPU.Build.0 = Release|Any CPU
	EndGlobalSection
	GlobalSection(SolutionProperties) = preSolution
		HideSolutionNode = FALSE
	EndGlobalSection
	GlobalSection(ExtensibilityGlobals) = postSolution
		SolutionGuid = {1AF85017-88C8-411F-AD6F-A4188085B583}
	EndGlobalSection
EndGlobal
